
Microsoft Visual Studio Solution File, Format Version 12.00
# Visual Studio Version 17
VisualStudioVersion = 17.5.33627.172
MinimumVisualStudioVersion = 10.0.40219.1
Project("{9A19103F-16F7-4668-BE54-9A1E7A4F7556}") = "Core", "Core\Core.csproj", "{75C5BD9E-50E4-4DF6-B34F-A138550E8FF2}"
EndProject
Project("{9A19103F-16F7-4668-BE54-9A1E7A4F7556}") = "Core.Configuration", "Core.Configuration\Core.Configuration.csproj", "{F9278DFC-CA4D-481F-9F43-D86CCADD1022}"
EndProject
Project("{9A19103F-16F7-4668-BE54-9A1E7A4F7556}") = "Core.Logging", "Core.Logging\Core.Logging.csproj", "{41202C2F-DA05-4550-8FFC-E1698DB69396}"
EndProject
Project("{9A19103F-16F7-4668-BE54-9A1E7A4F7556}") = "Core.Common", "Core.Common\Core.Common.csproj", "{D3B4B395-98D0-445E-8F35-EBFE73131EF0}"
EndProject
Project("{9A19103F-16F7-4668-BE54-9A1E7A4F7556}") = "Core.ServiceBus", "Core.ServiceBus\Core.ServiceBus.csproj", "{7132ABC3-FE70-440E-A8EC-058422AD4E6D}"
EndProject
Project("{9A19103F-16F7-4668-BE54-9A1E7A4F7556}") = "Core.Cache", "Core.Cache\Core.Cache.csproj", "{552A62E4-221B-4B54-A014-9A128A6A5EC9}"
EndProject
Project("{9A19103F-16F7-4668-BE54-9A1E7A4F7556}") = "Core.BlobStorage", "Core.BlobStorage\Core.BlobStorage.csproj", "{33D43EE1-0FD8-4A37-A43F-5803E3842ECB}"
EndProject
Project("{9A19103F-16F7-4668-BE54-9A1E7A4F7556}") = "AccountingRecordsDocumentBlobStorageAPI", "DocumentBlobStorageAPI\AccountingRecordsDocumentBlobStorageAPI.csproj", "{63DC5420-85D7-4C87-A7D7-637CD1913FDD}"
EndProject
Project("{FAE04EC0-301F-11D3-BF4B-00C04F79EFBC}") = "Core.Email", "Core.Email\Core.Email.csproj", "{72D4DF8A-50E4-4088-8A0E-1F95F4B087EB}"
EndProject
Global
	GlobalSection(SolutionConfigurationPlatforms) = preSolution
		Debug|Any CPU = Debug|Any CPU
		Release|Any CPU = Release|Any CPU
	EndGlobalSection
	GlobalSection(ProjectConfigurationPlatforms) = postSolution
		{75C5BD9E-50E4-4DF6-B34F-A138550E8FF2}.Debug|Any CPU.ActiveCfg = Debug|Any CPU
		{75C5BD9E-50E4-4DF6-B34F-A138550E8FF2}.Debug|Any CPU.Build.0 = Debug|Any CPU
		{75C5BD9E-50E4-4DF6-B34F-A138550E8FF2}.Release|Any CPU.ActiveCfg = Release|Any CPU
		{75C5BD9E-50E4-4DF6-B34F-A138550E8FF2}.Release|Any CPU.Build.0 = Release|Any CPU
		{F9278DFC-CA4D-481F-9F43-D86CCADD1022}.Debug|Any CPU.ActiveCfg = Debug|Any CPU
		{F9278DFC-CA4D-481F-9F43-D86CCADD1022}.Debug|Any CPU.Build.0 = Debug|Any CPU
		{F9278DFC-CA4D-481F-9F43-D86CCADD1022}.Release|Any CPU.ActiveCfg = Release|Any CPU
		{F9278DFC-CA4D-481F-9F43-D86CCADD1022}.Release|Any CPU.Build.0 = Release|Any CPU
		{41202C2F-DA05-4550-8FFC-E1698DB69396}.Debug|Any CPU.ActiveCfg = Debug|Any CPU
		{41202C2F-DA05-4550-8FFC-E1698DB69396}.Debug|Any CPU.Build.0 = Debug|Any CPU
		{41202C2F-DA05-4550-8FFC-E1698DB69396}.Release|Any CPU.ActiveCfg = Release|Any CPU
		{41202C2F-DA05-4550-8FFC-E1698DB69396}.Release|Any CPU.Build.0 = Release|Any CPU
		{D3B4B395-98D0-445E-8F35-EBFE73131EF0}.Debug|Any CPU.ActiveCfg = Debug|Any CPU
		{D3B4B395-98D0-445E-8F35-EBFE73131EF0}.Debug|Any CPU.Build.0 = Debug|Any CPU
		{D3B4B395-98D0-445E-8F35-EBFE73131EF0}.Release|Any CPU.ActiveCfg = Release|Any CPU
		{D3B4B395-98D0-445E-8F35-EBFE73131EF0}.Release|Any CPU.Build.0 = Release|Any CPU
		{7132ABC3-FE70-440E-A8EC-058422AD4E6D}.Debug|Any CPU.ActiveCfg = Debug|Any CPU
		{7132ABC3-FE70-440E-A8EC-058422AD4E6D}.Debug|Any CPU.Build.0 = Debug|Any CPU
		{7132ABC3-FE70-440E-A8EC-058422AD4E6D}.Release|Any CPU.ActiveCfg = Release|Any CPU
		{7132ABC3-FE70-440E-A8EC-058422AD4E6D}.Release|Any CPU.Build.0 = Release|Any CPU
		{552A62E4-221B-4B54-A014-9A128A6A5EC9}.Debug|Any CPU.ActiveCfg = Debug|Any CPU
		{552A62E4-221B-4B54-A014-9A128A6A5EC9}.Debug|Any CPU.Build.0 = Debug|Any CPU
		{552A62E4-221B-4B54-A014-9A128A6A5EC9}.Release|Any CPU.ActiveCfg = Release|Any CPU
		{552A62E4-221B-4B54-A014-9A128A6A5EC9}.Release|Any CPU.Build.0 = Release|Any CPU
		{33D43EE1-0FD8-4A37-A43F-5803E3842ECB}.Debug|Any CPU.ActiveCfg = Debug|Any CPU
		{33D43EE1-0FD8-4A37-A43F-5803E3842ECB}.Debug|Any CPU.Build.0 = Debug|Any CPU
		{33D43EE1-0FD8-4A37-A43F-5803E3842ECB}.Release|Any CPU.ActiveCfg = Release|Any CPU
		{33D43EE1-0FD8-4A37-A43F-5803E3842ECB}.Release|Any CPU.Build.0 = Release|Any CPU
		{63DC5420-85D7-4C87-A7D7-637CD1913FDD}.Debug|Any CPU.ActiveCfg = Debug|Any CPU
		{63DC5420-85D7-4C87-A7D7-637CD1913FDD}.Debug|Any CPU.Build.0 = Debug|Any CPU
		{63DC5420-85D7-4C87-A7D7-637CD1913FDD}.Release|Any CPU.ActiveCfg = Release|Any CPU
		{63DC5420-85D7-4C87-A7D7-637CD1913FDD}.Release|Any CPU.Build.0 = Release|Any CPU
		{72D4DF8A-50E4-4088-8A0E-1F95F4B087EB}.Debug|Any CPU.ActiveCfg = Debug|Any CPU
		{72D4DF8A-50E4-4088-8A0E-1F95F4B087EB}.Debug|Any CPU.Build.0 = Debug|Any CPU
		{72D4DF8A-50E4-4088-8A0E-1F95F4B087EB}.Release|Any CPU.ActiveCfg = Release|Any CPU
		{72D4DF8A-50E4-4088-8A0E-1F95F4B087EB}.Release|Any CPU.Build.0 = Release|Any CPU
	EndGlobalSection
	GlobalSection(SolutionProperties) = preSolution
		HideSolutionNode = FALSE
	EndGlobalSection
	GlobalSection(ExtensibilityGlobals) = postSolution
		SolutionGuid = {6CE468AF-0761-4B4A-9408-416E0AB040FB}
	EndGlobalSection
EndGlobal
